
Microsoft Visual Studio Solution File, Format Version 12.00
# Visual Studio Version 17
VisualStudioVersion = 17.7.34003.232
MinimumVisualStudioVersion = 10.0.40219.1
Project("{FAE04EC0-301F-11D3-BF4B-00C04F79EFBC}") = "lorapic_gui", "lorapic_gui.csproj", "{227F5618-D23C-4B37-8CE1-3C9D912161A1}"
EndProject
Global
	GlobalSection(SolutionConfigurationPlatforms) = preSolution
		Debug|Any CPU = Debug|Any CPU
		Release|Any CPU = Release|Any CPU
	EndGlobalSection
	GlobalSection(ProjectConfigurationPlatforms) = postSolution
		{227F5618-D23C-4B37-8CE1-3C9D912161A1}.Debug|Any CPU.ActiveCfg = Debug|Any CPU
		{227F5618-D23C-4B37-8CE1-3C9D912161A1}.Debug|Any CPU.Build.0 = Debug|Any CPU
		{227F5618-D23C-4B37-8CE1-3C9D912161A1}.Release|Any CPU.ActiveCfg = Release|Any CPU
		{227F5618-D23C-4B37-8CE1-3C9D912161A1}.Release|Any CPU.Build.0 = Release|Any CPU
	EndGlobalSection
	GlobalSection(SolutionProperties) = preSolution
		HideSolutionNode = FALSE
	EndGlobalSection
	GlobalSection(ExtensibilityGlobals) = postSolution
		SolutionGuid = {2AC62BCA-A598-4611-995A-17566A03DF25}
	EndGlobalSection
EndGlobal
